
Microsoft Visual Studio Solution File, Format Version 12.00
# Visual Studio Version 16
VisualStudioVersion = 16.0.29411.108
MinimumVisualStudioVersion = 10.0.40219.1
Project("{888888A0-9F3D-457C-B088-3A5042F75D52}") = "ML_Training", "ML_Training.pyproj", "{92DDC20B-B121-48A2-BCA7-D7A27339A8CB}"
EndProject
Global
	GlobalSection(SolutionConfigurationPlatforms) = preSolution
		Debug|Any CPU = Debug|Any CPU
		Release|Any CPU = Release|Any CPU
	EndGlobalSection
	GlobalSection(ProjectConfigurationPlatforms) = postSolution
		{92DDC20B-B121-48A2-BCA7-D7A27339A8CB}.Debug|Any CPU.ActiveCfg = Debug|Any CPU
		{92DDC20B-B121-48A2-BCA7-D7A27339A8CB}.Release|Any CPU.ActiveCfg = Release|Any CPU
	EndGlobalSection
	GlobalSection(SolutionProperties) = preSolution
		HideSolutionNode = FALSE
	EndGlobalSection
	GlobalSection(ExtensibilityGlobals) = postSolution
		SolutionGuid = {A05BD491-C7E1-49E0-B467-29FB3A28BAD5}
	EndGlobalSection
EndGlobal
